Microsoft Visual Studio Solution File, Format Version 12.00
# Visual Studio Version 17
VisualStudioVersion = 17.5.2.0
MinimumVisualStudioVersion = 10.0.40219.1
Project("{FAE04EC0-301F-11D3-BF4B-00C04F79EFBC}") = "ICalEventParser", "ICalEventParser.csproj", "{35269D28-7494-F8FA-29EA-0C1A3B71D600}"
EndProject
Global
	GlobalSection(SolutionConfigurationPlatforms) = preSolution
		Debug|Any CPU = Debug|Any CPU
		Release|Any CPU = Release|Any CPU
	EndGlobalSection
	GlobalSection(ProjectConfigurationPlatforms) = postSolution
		{35269D28-7494-F8FA-29EA-0C1A3B71D600}.Debug|Any CPU.ActiveCfg = Debug|Any CPU
		{35269D28-7494-F8FA-29EA-0C1A3B71D600}.Debug|Any CPU.Build.0 = Debug|Any CPU
		{35269D28-7494-F8FA-29EA-0C1A3B71D600}.Release|Any CPU.ActiveCfg = Release|Any CPU
		{35269D28-7494-F8FA-29EA-0C1A3B71D600}.Release|Any CPU.Build.0 = Release|Any CPU
	EndGlobalSection
	GlobalSection(SolutionProperties) = preSolution
		HideSolutionNode = FALSE
	EndGlobalSection
	GlobalSection(ExtensibilityGlobals) = postSolution
		SolutionGuid = {C8F17A7B-6D97-4F11-9DB2-6AE7BE5B6387}
	EndGlobalSection
EndGlobal
